// !$*UTF8*$!
{
	archiveVersion = 1;
	classes = {
	};
	objectVersion = 50;
	objects = {

/* Begin PBXBuildFile section */
		2306A17225CA617A00143799 /* HabitRecordData.swift in Sources */ = {isa = PBXBuildFile; fileRef = 2306A17125CA617A00143799 /* HabitRecordData.swift */; };
		2336192925D5444C006C25E3 /* HabitRecordView.swift in Sources */ = {isa = PBXBuildFile; fileRef = 2336192825D5444C006C25E3 /* HabitRecordView.swift */; };
		236B758326104E080076FB12 /* NewList.swift in Sources */ = {isa = PBXBuildFile; fileRef = 236B758226104E080076FB12 /* NewList.swift */; };
		2376FD212609E3B400C9A21C /* SendButton.swift in Sources */ = {isa = PBXBuildFile; fileRef = 2376FD202609E3B400C9A21C /* SendButton.swift */; };
		2392FB4625E76C73009164B2 /* ProgressCircleVM.swift in Sources */ = {isa = PBXBuildFile; fileRef = 2392FB4525E76C73009164B2 /* ProgressCircleVM.swift */; };
		239318F025C372B400C3796B /* HabitEditView.swift in Sources */ = {isa = PBXBuildFile; fileRef = 239318EF25C372B400C3796B /* HabitEditView.swift */; };
		239318F325C3A56500C3796B /* ColorButtonVM.swift in Sources */ = {isa = PBXBuildFile; fileRef = 239318F225C3A56500C3796B /* ColorButtonVM.swift */; };
		239318F625C3C10300C3796B /* ListData.swift in Sources */ = {isa = PBXBuildFile; fileRef = 239318F525C3C10300C3796B /* ListData.swift */; };
		239318F925C3C90100C3796B /* ListDataView.swift in Sources */ = {isa = PBXBuildFile; fileRef = 239318F825C3C90100C3796B /* ListDataView.swift */; };
		23F8833925C048AB00FC73C2 /* HabitAppApp.swift in Sources */ = {isa = PBXBuildFile; fileRef = 23F8833825C048AB00FC73C2 /* HabitAppApp.swift */; };
		23F8833B25C048AB00FC73C2 /* ContentView.swift in Sources */ = {isa = PBXBuildFile; fileRef = 23F8833A25C048AB00FC73C2 /* ContentView.swift */; };
		23F8833D25C048AB00FC73C2 /* Assets.xcassets in Resources */ = {isa = PBXBuildFile; fileRef = 23F8833C25C048AB00FC73C2 /* Assets.xcassets */; };
		23F8834025C048AB00FC73C2 /* Preview Assets.xcassets in Resources */ = {isa = PBXBuildFile; fileRef = 23F8833F25C048AB00FC73C2 /* Preview Assets.xcassets */; };
/* End PBXBuildFile section */

/* Begin PBXFileReference section */
		2306A17125CA617A00143799 /* HabitRecordData.swift */ = {isa = PBXFileReference; lastKnownFileType = sourcecode.swift; path = HabitRecordData.swift; sourceTree = "<group>"; };
		2336192825D5444C006C25E3 /* HabitRecordView.swift */ = {isa = PBXFileReference; lastKnownFileType = sourcecode.swift; path = HabitRecordView.swift; sourceTree = "<group>"; };
		236B758226104E080076FB12 /* NewList.swift */ = {isa = PBXFileReference; lastKnownFileType = sourcecode.swift; path = NewList.swift; sourceTree = "<group>"; };
		2376FD202609E3B400C9A21C /* SendButton.swift */ = {isa = PBXFileReference; lastKnownFileType = sourcecode.swift; path = SendButton.swift; sourceTree = "<group>"; };
		2392FB4525E76C73009164B2 /* ProgressCircleVM.swift */ = {isa = PBXFileReference; lastKnownFileType = sourcecode.swift; path = ProgressCircleVM.swift; sourceTree = "<group>"; };
		239318EF25C372B400C3796B /* HabitEditView.swift */ = {isa = PBXFileReference; lastKnownFileType = sourcecode.swift; path = HabitEditView.swift; sourceTree = "<group>"; };
		239318F225C3A56500C3796B /* ColorButtonVM.swift */ = {isa = PBXFileReference; lastKnownFileType = sourcecode.swift; path = ColorButtonVM.swift; sourceTree = "<group>"; };
		239318F525C3C10300C3796B /* ListData.swift */ = {isa = PBXFileReference; lastKnownFileType = sourcecode.swift; path = ListData.swift; sourceTree = "<group>"; };
		239318F825C3C90100C3796B /* ListDataView.swift */ = {isa = PBXFileReference; lastKnownFileType = sourcecode.swift; path = ListDataView.swift; sourceTree = "<group>"; };
		23F8833525C048AB00FC73C2 /* HabitApp.app */ = {isa = PBXFileReference; explicitFileType = wrapper.application; includeInIndex = 0; path = HabitApp.app; sourceTree = BUILT_PRODUCTS_DIR; };
		23F8833825C048AB00FC73C2 /* HabitAppApp.swift */ = {isa = PBXFileReference; lastKnownFileType = sourcecode.swift; path = HabitAppApp.swift; sourceTree = "<group>"; };
		23F8833A25C048AB00FC73C2 /* ContentView.swift */ = {isa = PBXFileReference; lastKnownFileType = sourcecode.swift; path = ContentView.swift; sourceTree = "<group>"; };
		23F8833C25C048AB00FC73C2 /* Assets.xcassets */ = {isa = PBXFileReference; lastKnownFileType = folder.assetcatalog; path = Assets.xcassets; sourceTree = "<group>"; };
		23F8833F25C048AB00FC73C2 /* Preview Assets.xcassets */ = {isa = PBXFileReference; lastKnownFileType = folder.assetcatalog; path = "Preview Assets.xcassets"; sourceTree = "<group>"; };
		23F8834125C048AB00FC73C2 /* Info.plist */ = {isa = PBXFileReference; lastKnownFileType = text.plist.xml; path = Info.plist; sourceTree = "<group>"; };
/* End PBXFileReference section */

/* Begin PBXFrameworksBuildPhase section */
		23F8833225C048AB00FC73C2 /* Frameworks */ = {
			isa = PBXFrameworksBuildPhase;
			buildActionMask = 2147483647;
			files = (
			);
			runOnlyForDeploymentPostprocessing = 0;
		};
/* End PBXFrameworksBuildPhase section */

/* Begin PBXGroup section */
		237D353C25C2956C00064EA7 /* Model */ = {
			isa = PBXGroup;
			children = (
				239318F525C3C10300C3796B /* ListData.swift */,
				2306A17125CA617A00143799 /* HabitRecordData.swift */,
				236B758226104E080076FB12 /* NewList.swift */,
			);
			path = Model;
			sourceTree = "<group>";
		};
		237D353D25C2957F00064EA7 /* Veiw */ = {
			isa = PBXGroup;
			children = (
				23F8833A25C048AB00FC73C2 /* ContentView.swift */,
				239318EF25C372B400C3796B /* HabitEditView.swift */,
				2336192825D5444C006C25E3 /* HabitRecordView.swift */,
			);
			path = Veiw;
			sourceTree = "<group>";
		};
		237D353E25C2959200064EA7 /* Veiw Model */ = {
			isa = PBXGroup;
			children = (
				239318F825C3C90100C3796B /* ListDataView.swift */,
				2376FD202609E3B400C9A21C /* SendButton.swift */,
				239318F225C3A56500C3796B /* ColorButtonVM.swift */,
				2392FB4525E76C73009164B2 /* ProgressCircleVM.swift */,
			);
			path = "Veiw Model";
			sourceTree = "<group>";
		};
		23F8832C25C048AB00FC73C2 = {
			isa = PBXGroup;
			children = (
				23F8833725C048AB00FC73C2 /* HabitApp */,
				23F8833625C048AB00FC73C2 /* Products */,
			);
			sourceTree = "<group>";
		};
		23F8833625C048AB00FC73C2 /* Products */ = {
			isa = PBXGroup;
			children = (
				23F8833525C048AB00FC73C2 /* HabitApp.app */,
			);
			name = Products;
			sourceTree = "<group>";
		};
		23F8833725C048AB00FC73C2 /* HabitApp */ = {
			isa = PBXGroup;
			children = (
				23F8833825C048AB00FC73C2 /* HabitAppApp.swift */,
				237D353C25C2956C00064EA7 /* Model */,
				237D353D25C2957F00064EA7 /* Veiw */,
				237D353E25C2959200064EA7 /* Veiw Model */,
				23F8833C25C048AB00FC73C2 /* Assets.xcassets */,
				23F8834125C048AB00FC73C2 /* Info.plist */,
				23F8833E25C048AB00FC73C2 /* Preview Content */,
			);
			path = HabitApp;
			sourceTree = "<group>";
		};
		23F8833E25C048AB00FC73C2 /* Preview Content */ = {
			isa = PBXGroup;
			children = (
				23F8833F25C048AB00FC73C2 /* Preview Assets.xcassets */,
			);
			path = "Preview Content";
			sourceTree = "<group>";
		};
/* End PBXGroup section */

/* Begin PBXNativeTarget section */
		23F8833425C048AB00FC73C2 /* HabitApp */ = {
			isa = PBXNativeTarget;
			buildConfigurationList = 23F8834425C048AB00FC73C2 /* Build configuration list for PBXNativeTarget "HabitApp" */;
			buildPhases = (
				23F8833125C048AB00FC73C2 /* Sources */,
				23F8833225C048AB00FC73C2 /* Frameworks */,
				23F8833325C048AB00FC73C2 /* Resources */,
			);
			buildRules = (
			);
			dependencies = (
			);
			name = HabitApp;
			productName = HabitApp;
			productReference = 23F8833525C048AB00FC73C2 /* HabitApp.app */;
			productType = "com.apple.product-type.application";
		};
/* End PBXNativeTarget section */

/* Begin PBXProject section */
		23F8832D25C048AB00FC73C2 /* Project object */ = {
			isa = PBXProject;
			attributes = {
				LastSwiftUpdateCheck = 1230;
				LastUpgradeCheck = 1230;
				TargetAttributes = {
					23F8833425C048AB00FC73C2 = {
						CreatedOnToolsVersion = 12.3;
					};
				};
			};
			buildConfigurationList = 23F8833025C048AB00FC73C2 /* Build configuration list for PBXProject "HabitApp" */;
			compatibilityVersion = "Xcode 9.3";
			developmentRegion = en;
			hasScannedForEncodings = 0;
			knownRegions = (
				en,
				Base,
			);
			mainGroup = 23F8832C25C048AB00FC73C2;
			productRefGroup = 23F8833625C048AB00FC73C2 /* Products */;
			projectDirPath = "";
			projectRoot = "";
			targets = (
				23F8833425C048AB00FC73C2 /* HabitApp */,
			);
		};
/* End PBXProject section */

/* Begin PBXResourcesBuildPhase section */
		23F8833325C048AB00FC73C2 /* Resources */ = {
			isa = PBXResourcesBuildPhase;
			buildActionMask = 2147483647;
			files = (
				23F8834025C048AB00FC73C2 /* Preview Assets.xcassets in Resources */,
				23F8833D25C048AB00FC73C2 /* Assets.xcassets in Resources */,
			);
			runOnlyForDeploymentPostprocessing = 0;
		};
/* End PBXResourcesBuildPhase section */

/* Begin PBXSourcesBuildPhase section */
		23F8833125C048AB00FC73C2 /* Sources */ = {
			isa = PBXSourcesBuildPhase;
			buildActionMask = 2147483647;
			files = (
				2376FD212609E3B400C9A21C /* SendButton.swift in Sources */,
				239318F925C3C90100C3796B /* ListDataView.swift in Sources */,
				23F8833B25C048AB00FC73C2 /* ContentView.swift in Sources */,
				2336192925D5444C006C25E3 /* HabitRecordView.swift in Sources */,
				239318F025C372B400C3796B /* HabitEditView.swift in Sources */,
				239318F325C3A56500C3796B /* ColorButtonVM.swift in Sources */,
				23F8833925C048AB00FC73C2 /* HabitAppApp.swift in Sources */,
				236B758326104E080076FB12 /* NewList.swift in Sources */,
				239318F625C3C10300C3796B /* ListData.swift in Sources */,
				2306A17225CA617A00143799 /* HabitRecordData.swift in Sources */,
				2392FB4625E76C73009164B2 /* ProgressCircleVM.swift in Sources */,
			);
			runOnlyForDeploymentPostprocessing = 0;
		};
/* End PBXSourcesBuildPhase section */

/* Begin XCBuildConfiguration section */
		23F8834225C048AB00FC73C2 /* Debug */ = {
			isa = XCBuildConfiguration;
			buildSettings = {
				ALWAYS_SEARCH_USER_PATHS = NO;
				CLANG_ANALYZER_NONNULL = YES;
				CLANG_ANALYZER_NUMBER_OBJECT_CONVERSION = YES_AGGRESSIVE;
				CLANG_CXX_LANGUAGE_STANDARD = "gnu++14";
				CLANG_CXX_LIBRARY = "libc++";
				CLANG_ENABLE_MODULES = YES;
				CLANG_ENABLE_OBJC_ARC = YES;
				CLANG_ENABLE_OBJC_WEAK = YES;
				CLANG_WARN_BLOCK_CAPTURE_AUTORELEASING = YES;
				CLANG_WARN_BOOL_CONVERSION = YES;
				CLANG_WARN_COMMA = YES;
				CLANG_WARN_CONSTANT_CONVERSION = YES;
				CLANG_WARN_DEPRECATED_OBJC_IMPLEMENTATIONS = YES;
				CLANG_WARN_DIRECT_OBJC_ISA_USAGE = YES_ERROR;
				CLANG_WARN_DOCUMENTATION_COMMENTS = YES;
				CLANG_WARN_EMPTY_BODY = YES;
				CLANG_WARN_ENUM_CONVERSION = YES;
				CLANG_WARN_INFINITE_RECURSION = YES;
				CLANG_WARN_INT_CONVERSION = YES;
				CLANG_WARN_NON_LITERAL_NULL_CONVERSION = YES;
				CLANG_WARN_OBJC_IMPLICIT_RETAIN_SELF = YES;
				CLANG_WARN_OBJC_LITERAL_CONVERSION = YES;
				CLANG_WARN_OBJC_ROOT_CLASS = YES_ERROR;
				CLANG_WARN_QUOTED_INCLUDE_IN_FRAMEWORK_HEADER = YES;
				CLANG_WARN_RANGE_LOOP_ANALYSIS = YES;
				CLANG_WARN_STRICT_PROTOTYPES = YES;
				CLANG_WARN_SUSPICIOUS_MOVE = YES;
				CLANG_WARN_UNGUARDED_AVAILABILITY = YES_AGGRESSIVE;
				CLANG_WARN_UNREACHABLE_CODE = YES;
				CLANG_WARN__DUPLICATE_METHOD_MATCH = YES;
				COPY_PHASE_STRIP = NO;
				DEBUG_INFORMATION_FORMAT = dwarf;
				ENABLE_STRICT_OBJC_MSGSEND = YES;
				ENABLE_TESTABILITY = YES;
				GCC_C_LANGUAGE_STANDARD = gnu11;
				GCC_DYNAMIC_NO_PIC = NO;
				GCC_NO_COMMON_BLOCKS = YES;
				GCC_OPTIMIZATION_LEVEL = 0;
				GCC_PREPROCESSOR_DEFINITIONS = (
					"DEBUG=1",
					"$(inherited)",
				);
				GCC_WARN_64_TO_32_BIT_CONVERSION = YES;
				GCC_WARN_ABOUT_RETURN_TYPE = YES_ERROR;
				GCC_WARN_UNDECLARED_SELECTOR = YES;
				GCC_WARN_UNINITIALIZED_AUTOS = YES_AGGRESSIVE;
				GCC_WARN_UNUSED_FUNCTION = YES;
				GCC_WARN_UNUSED_VARIABLE = YES;
				IPHONEOS_DEPLOYMENT_TARGET = 14.3;
				MTL_ENABLE_DEBUG_INFO = INCLUDE_SOURCE;
				MTL_FAST_MATH = YES;
				ONLY_ACTIVE_ARCH = YES;
				SDKROOT = iphoneos;
				SWIFT_ACTIVE_COMPILATION_CONDITIONS = DEBUG;
				SWIFT_OPTIMIZATION_LEVEL = "-Onone";
			};
			name = Debug;
		};
		23F8834325C048AB00FC73C2 /* Release */ = {
			isa = XCBuildConfiguration;
			buildSettings = {
				ALWAYS_SEARCH_USER_PATHS = NO;
				CLANG_ANALYZER_NONNULL = YES;
				CLANG_ANALYZER_NUMBER_OBJECT_CONVERSION = YES_AGGRESSIVE;
				CLANG_CXX_LANGUAGE_STANDARD = "gnu++14";
				CLANG_CXX_LIBRARY = "libc++";
				CLANG_ENABLE_MODULES = YES;
				CLANG_ENABLE_OBJC_ARC = YES;
				CLANG_ENABLE_OBJC_WEAK = YES;
				CLANG_WARN_BLOCK_CAPTURE_AUTORELEASING = YES;
				CLANG_WARN_BOOL_CONVERSION = YES;
				CLANG_WARN_COMMA = YES;
				CLANG_WARN_CONSTANT_CONVERSION = YES;
				CLANG_WARN_DEPRECATED_OBJC_IMPLEMENTATIONS = YES;
				CLANG_WARN_DIRECT_OBJC_ISA_USAGE = YES_ERROR;
				CLANG_WARN_DOCUMENTATION_COMMENTS = YES;
				CLANG_WARN_EMPTY_BODY = YES;
				CLANG_WARN_ENUM_CONVERSION = YES;
				CLANG_WARN_INFINITE_RECURSION = YES;
				CLANG_WARN_INT_CONVERSION = YES;
				CLANG_WARN_NON_LITERAL_NULL_CONVERSION = YES;
				CLANG_WARN_OBJC_IMPLICIT_RETAIN_SELF = YES;
				CLANG_WARN_OBJC_LITERAL_CONVERSION = YES;
				CLANG_WARN_OBJC_ROOT_CLASS = YES_ERROR;
				CLANG_WARN_QUOTED_INCLUDE_IN_FRAMEWORK_HEADER = YES;
				CLANG_WARN_RANGE_LOOP_ANALYSIS = YES;
				CLANG_WARN_STRICT_PROTOTYPES = YES;
				CLANG_WARN_SUSPICIOUS_MOVE = YES;
				CLANG_WARN_UNGUARDED_AVAILABILITY = YES_AGGRESSIVE;
				CLANG_WARN_UNREACHABLE_CODE = YES;
				CLANG_WARN__DUPLICATE_METHOD_MATCH = YES;
				COPY_PHASE_STRIP = NO;
				DEBUG_INFORMATION_FORMAT = "dwarf-with-dsym";
				ENABLE_NS_ASSERTIONS = NO;
				ENABLE_STRICT_OBJC_MSGSEND = YES;
				GCC_C_LANGUAGE_STANDARD = gnu11;
				GCC_NO_COMMON_BLOCKS = YES;
				GCC_WARN_64_TO_32_BIT_CONVERSION = YES;
				GCC_WARN_ABOUT_RETURN_TYPE = YES_ERROR;
				GCC_WARN_UNDECLARED_SELECTOR = YES;
				GCC_WARN_UNINITIALIZED_AUTOS = YES_AGGRESSIVE;
				GCC_WARN_UNUSED_FUNCTION = YES;
				GCC_WARN_UNUSED_VARIABLE = YES;
				IPHONEOS_DEPLOYMENT_TARGET = 14.3;
				MTL_ENABLE_DEBUG_INFO = NO;
				MTL_FAST_MATH = YES;
				SDKROOT = iphoneos;
				SWIFT_COMPILATION_MODE = wholemodule;
				SWIFT_OPTIMIZATION_LEVEL = "-O";
				VALIDATE_PRODUCT = YES;
			};
			name = Release;
		};
		23F8834525C048AB00FC73C2 /* Debug */ = {
			isa = XCBuildConfiguration;
			buildSettings = {
				ASSETCATALOG_COMPILER_APPICON_NAME = AppIcon;
				ASSETCATALOG_COMPILER_GLOBAL_ACCENT_COLOR_NAME = AccentColor;
				CODE_SIGN_STYLE = Automatic;
				DEVELOPMENT_ASSET_PATHS = "\"HabitApp/Preview Content\"";
				DEVELOPMENT_TEAM = K22CKKW4GD;
				ENABLE_PREVIEWS = YES;
				INFOPLIST_FILE = HabitApp/Info.plist;
				IPHONEOS_DEPLOYMENT_TARGET = 14.0;
				LD_RUNPATH_SEARCH_PATHS = (
					"$(inherited)",
					"@executable_path/Frameworks",
				);
				PRODUCT_BUNDLE_IDENTIFIER = taiki.takemura.HabitApp;
				PRODUCT_NAME = "$(TARGET_NAME)";
				SWIFT_VERSION = 5.0;
				TARGETED_DEVICE_FAMILY = "1,2";
			};
			name = Debug;
		};
		23F8834625C048AB00FC73C2 /* Release */ = {
			isa = XCBuildConfiguration;
			buildSettings = {
				ASSETCATALOG_COMPILER_APPICON_NAME = AppIcon;
				ASSETCATALOG_COMPILER_GLOBAL_ACCENT_COLOR_NAME = AccentColor;
				CODE_SIGN_STYLE = Automatic;
				DEVELOPMENT_ASSET_PATHS = "\"HabitApp/Preview Content\"";
				DEVELOPMENT_TEAM = K22CKKW4GD;
				ENABLE_PREVIEWS = YES;
				INFOPLIST_FILE = HabitApp/Info.plist;
				IPHONEOS_DEPLOYMENT_TARGET = 14.0;
				LD_RUNPATH_SEARCH_PATHS = (
					"$(inherited)",
					"@executable_path/Frameworks",
				);
				PRODUCT_BUNDLE_IDENTIFIER = taiki.takemura.HabitApp;
				PRODUCT_NAME = "$(TARGET_NAME)";
				SWIFT_VERSION = 5.0;
				TARGETED_DEVICE_FAMILY = "1,2";
			};
			name = Release;
		};
/* End XCBuildConfiguration section */

/* Begin XCConfigurationList section */
		23F8833025C048AB00FC73C2 /* Build configuration list for PBXProject "HabitApp" */ = {
			isa = XCConfigurationList;
			buildConfigurations = (
				23F8834225C048AB00FC73C2 /* Debug */,
				23F8834325C048AB00FC73C2 /* Release */,
			);
			defaultConfigurationIsVisible = 0;
			defaultConfigurationName = Release;
		};
		23F8834425C048AB00FC73C2 /* Build configuration list for PBXNativeTarget "HabitApp" */ = {
			isa = XCConfigurationList;
			buildConfigurations = (
				23F8834525C048AB00FC73C2 /* Debug */,
				23F8834625C048AB00FC73C2 /* Release */,
			);
			defaultConfigurationIsVisible = 0;
			defaultConfigurationName = Release;
		};
/* End XCConfigurationList section */
	};
	rootObject = 23F8832D25C048AB00FC73C2 /* Project object */;
}
